// !$*UTF8*$!
{
	archiveVersion = 1;
	classes = {
	};
	objectVersion = 46;
	objects = {
/* Begin PBXBuildFile section */
		1D3623260D0F684500981E51 /* AppDelegate.m in Sources */ = {isa = PBXBuildFile; fileRef = 1D3623250D0F684500981E51 /* AppDelegate.m */; };
		1D60589B0D05DD56006BFB54 /* main.m in Sources */ = {isa = PBXBuildFile; fileRef = 29B97316FDCFA39411CA2CEA /* main.m */; };
		288765FD0DF74451002DB57D /* CoreGraphics.framework in Frameworks */ = {isa = PBXBuildFile; fileRef = 288765FC0DF74451002DB57D /* CoreGraphics.framework */; };
		301BF552109A68D80062928A /* libCordova.a in Frameworks */ = {isa = PBXBuildFile; fileRef = 301BF535109A57CC0062928A /* libCordova.a */; };
		302D95F114D2391D003F00A1 /* MainViewController.m in Sources */ = {isa = PBXBuildFile; fileRef = 302D95EF14D2391D003F00A1 /* MainViewController.m */; };
		302D95F214D2391D003F00A1 /* MainViewController.xib in Resources */ = {isa = PBXBuildFile; fileRef = 302D95F014D2391D003F00A1 /* MainViewController.xib */; };
		305D5FD1115AB8F900A74A75 /* MobileCoreServices.framework in Frameworks */ = {isa = PBXBuildFile; fileRef = 305D5FD0115AB8F900A74A75 /* MobileCoreServices.framework */; };
		3088BBBD154F3926009F9C59 /* Default-Landscape@2x~ipad.png in Resources */ = {isa = PBXBuildFile; fileRef = 3088BBB7154F3926009F9C59 /* Default-Landscape@2x~ipad.png */; };
		3088BBBE154F3926009F9C59 /* Default-Landscape~ipad.png in Resources */ = {isa = PBXBuildFile; fileRef = 3088BBB8154F3926009F9C59 /* Default-Landscape~ipad.png */; };
		3088BBBF154F3926009F9C59 /* Default-Portrait@2x~ipad.png in Resources */ = {isa = PBXBuildFile; fileRef = 3088BBB9154F3926009F9C59 /* Default-Portrait@2x~ipad.png */; };
		3088BBC0154F3926009F9C59 /* Default-Portrait~ipad.png in Resources */ = {isa = PBXBuildFile; fileRef = 3088BBBA154F3926009F9C59 /* Default-Portrait~ipad.png */; };
		3088BBC1154F3926009F9C59 /* Default@2x~iphone.png in Resources */ = {isa = PBXBuildFile; fileRef = 3088BBBB154F3926009F9C59 /* Default@2x~iphone.png */; };
		3088BBC2154F3926009F9C59 /* Default~iphone.png in Resources */ = {isa = PBXBuildFile; fileRef = 3088BBBC154F3926009F9C59 /* Default~iphone.png */; };
		308D05371370CCF300D202BF /* icon-72.png in Resources */ = {isa = PBXBuildFile; fileRef = 308D052E1370CCF300D202BF /* icon-72.png */; };
		308D05381370CCF300D202BF /* icon.png in Resources */ = {isa = PBXBuildFile; fileRef = 308D052F1370CCF300D202BF /* icon.png */; };
		308D05391370CCF300D202BF /* icon@2x.png in Resources */ = {isa = PBXBuildFile; fileRef = 308D05301370CCF300D202BF /* icon@2x.png */; };
		30B4F30019D5E07200D9F7D8 /* Default-667h.png in Resources */ = {isa = PBXBuildFile; fileRef = 30B4F2FD19D5E07200D9F7D8 /* Default-667h.png */; };
		30B4F30119D5E07200D9F7D8 /* Default-736h.png in Resources */ = {isa = PBXBuildFile; fileRef = 30B4F2FE19D5E07200D9F7D8 /* Default-736h.png */; };
		30B4F30219D5E07200D9F7D8 /* Default-Landscape-736h.png in Resources */ = {isa = PBXBuildFile; fileRef = 30B4F2FF19D5E07200D9F7D8 /* Default-Landscape-736h.png */; };
		30C1856619D5FC0A00212699 /* icon-60@3x.png in Resources */ = {isa = PBXBuildFile; fileRef = 30C1856519D5FC0A00212699 /* icon-60@3x.png */; };
		30FC414916E50CA1004E6F35 /* icon-72@2x.png in Resources */ = {isa = PBXBuildFile; fileRef = 30FC414816E50CA1004E6F35 /* icon-72@2x.png */; };
		5B1594DD16A7569C00FEF299 /* AssetsLibrary.framework in Frameworks */ = {isa = PBXBuildFile; fileRef = 5B1594DC16A7569C00FEF299 /* AssetsLibrary.framework */; };
		7E7966DE1810823500FA85AD /* icon-40.png in Resources */ = {isa = PBXBuildFile; fileRef = 7E7966D41810823500FA85AD /* icon-40.png */; };
		7E7966DF1810823500FA85AD /* icon-40@2x.png in Resources */ = {isa = PBXBuildFile; fileRef = 7E7966D51810823500FA85AD /* icon-40@2x.png */; };
		7E7966E01810823500FA85AD /* icon-50.png in Resources */ = {isa = PBXBuildFile; fileRef = 7E7966D61810823500FA85AD /* icon-50.png */; };
		7E7966E11810823500FA85AD /* icon-50@2x.png in Resources */ = {isa = PBXBuildFile; fileRef = 7E7966D71810823500FA85AD /* icon-50@2x.png */; };
		7E7966E21810823500FA85AD /* icon-60.png in Resources */ = {isa = PBXBuildFile; fileRef = 7E7966D81810823500FA85AD /* icon-60.png */; };
		7E7966E31810823500FA85AD /* icon-60@2x.png in Resources */ = {isa = PBXBuildFile; fileRef = 7E7966D91810823500FA85AD /* icon-60@2x.png */; };
		7E7966E41810823500FA85AD /* icon-76.png in Resources */ = {isa = PBXBuildFile; fileRef = 7E7966DA1810823500FA85AD /* icon-76.png */; };
		7E7966E51810823500FA85AD /* icon-76@2x.png in Resources */ = {isa = PBXBuildFile; fileRef = 7E7966DB1810823500FA85AD /* icon-76@2x.png */; };
		7E7966E61810823500FA85AD /* icon-small.png in Resources */ = {isa = PBXBuildFile; fileRef = 7E7966DC1810823500FA85AD /* icon-small.png */; };
		7E7966E71810823500FA85AD /* icon-small@2x.png in Resources */ = {isa = PBXBuildFile; fileRef = 7E7966DD1810823500FA85AD /* icon-small@2x.png */; };
		D4A0D8761607E02300AEF8BB /* Default-568h@2x~iphone.png in Resources */ = {isa = PBXBuildFile; fileRef = D4A0D8751607E02300AEF8BB /* Default-568h@2x~iphone.png */; };
		F25283A06538490CA85AE717 /* libGoogleAdMobAds.a in Frameworks */ = {isa = PBXBuildFile; fileRef = 7E8DCD5CE5244B9685667753 /* libGoogleAdMobAds.a */; };
		286D2A4CECC94D1D8B8A2633 /* AdSupport.framework in Frameworks */ = {isa = PBXBuildFile; fileRef = A6B838F5B77C4AE98DEC50F0 /* AdSupport.framework */; };
		6AE1906D2DD14B899846C0C2 /* AudioToolbox.framework in Frameworks */ = {isa = PBXBuildFile; fileRef = A21E4009F7DC4A358457EEB4 /* AudioToolbox.framework */; };
		CC2B16359CD94BCE9B5D6369 /* AVFoundation.framework in Frameworks */ = {isa = PBXBuildFile; fileRef = D4FE25DD38EC4360A6E82F37 /* AVFoundation.framework */; };
		56B77896BF19481C9A33A374 /* CoreTelephony.framework in Frameworks */ = {isa = PBXBuildFile; fileRef = F24BC90846C6442188FCD7F8 /* CoreTelephony.framework */; };
		D732CED90B1A4926B10EC24A /* EventKit.framework in Frameworks */ = {isa = PBXBuildFile; fileRef = B762B693127E4D939B27C95D /* EventKit.framework */; };
		B21F2285644E43A983882235 /* EventKitUI.framework in Frameworks */ = {isa = PBXBuildFile; fileRef = 2FDE9A0B779B493AB20F3098 /* EventKitUI.framework */; };
		7E546336B9AF4EECBD3DA147 /* Foundation.framework in Frameworks */ = {isa = PBXBuildFile; fileRef = 44472C651D1E479EBB6F7530 /* Foundation.framework */; };
		EF85BA4A38714417AE12AE4A /* MessageUI.framework in Frameworks */ = {isa = PBXBuildFile; fileRef = 94457D7B91724E1AB02EB0E9 /* MessageUI.framework */; };
		8C682BFA6D524C83B5EDAA0D /* StoreKit.framework in Frameworks */ = {isa = PBXBuildFile; fileRef = 49329FC2B9154A1EB8E0CED2 /* StoreKit.framework */; };
		91F8C4FD13B14129B90CB221 /* SystemConfiguration.framework in Frameworks */ = {isa = PBXBuildFile; fileRef = 7A997B1619B54EC4973664AB /* SystemConfiguration.framework */; };
		FED1DAA9291348319E30B586 /* UIKit.framework in Frameworks */ = {isa = PBXBuildFile; fileRef = 442A1C0A06DF4F7392462001 /* UIKit.framework */; };
		5FFC548CBDE94C91A9CE0313 /* IonicKeyboard.m in Sources */ = {isa = PBXBuildFile; fileRef = 9C9999EED1004A32BB3141B7 /* IonicKeyboard.m */; };
		98D8D6AA54ED484E9C931AF2 /* UIWebViewExtension.m in Sources */ = {isa = PBXBuildFile; fileRef = 107637AA758D4FFFA713C3A1 /* UIWebViewExtension.m */; };
		B3684FBF5FCA44F1AA868B17 /* CDVAdMob.m in Sources */ = {isa = PBXBuildFile; fileRef = D2C5253A6D6C475C8A7625C1 /* CDVAdMob.m */; };
		F925736434A24F28860A2529 /* APPEmailComposer.m in Sources */ = {isa = PBXBuildFile; fileRef = 5A887C26FA1C439A93EE8BDB /* APPEmailComposer.m */; };
		75477FAC6188408B97A78B81 /* CDVLogger.m in Sources */ = {isa = PBXBuildFile; fileRef = FC0B2C9CE6EB44C99399EA31 /* CDVLogger.m */; };
		7A76C8BD062E4023999E8EA9 /* CDVDevice.m in Sources */ = {isa = PBXBuildFile; fileRef = 8651027092F2400EA8B861CF /* CDVDevice.m */; };
		D307CD164D414E65847491B8 /* CDVInAppBrowser.m in Sources */ = {isa = PBXBuildFile; fileRef = 91DF22C25B2145DFA3E48FDB /* CDVInAppBrowser.m */; };
/* End PBXBuildFile section */

/* Begin PBXContainerItemProxy section */
		301BF534109A57CC0062928A /* PBXContainerItemProxy */ = {
			isa = PBXContainerItemProxy;
			containerPortal = 301BF52D109A57CC0062928A /* CordovaLib.xcodeproj */;
			proxyType = 2;
			remoteGlobalIDString = D2AAC07E0554694100DB518D;
			remoteInfo = CordovaLib;
		};
		301BF550109A68C00062928A /* PBXContainerItemProxy */ = {
			isa = PBXContainerItemProxy;
			containerPortal = 301BF52D109A57CC0062928A /* CordovaLib.xcodeproj */;
			proxyType = 1;
			remoteGlobalIDString = D2AAC07D0554694100DB518D;
			remoteInfo = CordovaLib;
		};
/* End PBXContainerItemProxy section */

/* Begin PBXFileReference section */
		1D3623240D0F684500981E51 /* AppDelegate.h */ = {isa = PBXFileReference; fileEncoding = 4; lastKnownFileType = sourcecode.c.h; path = AppDelegate.h; sourceTree = "<group>"; };
		1D3623250D0F684500981E51 /* AppDelegate.m */ = {isa = PBXFileReference; fileEncoding = 4; lastKnownFileType = sourcecode.c.objc; path = AppDelegate.m; sourceTree = "<group>"; };
		1D6058910D05DD3D006BFB54 /* VideoList.app */ = {isa = PBXFileReference; explicitFileType = wrapper.application; includeInIndex = 0; path = "VideoList.app"; sourceTree = BUILT_PRODUCTS_DIR; };
		1F766FDD13BBADB100FB74C0 /* en */ = {isa = PBXFileReference; lastKnownFileType = text.plist.strings; name = en; path = Localizable.strings; sourceTree = "<group>"; };
		1F766FE013BBADB100FB74C0 /* es */ = {isa = PBXFileReference; lastKnownFileType = text.plist.strings; name = es; path = Localizable.strings; sourceTree = "<group>"; };
		288765FC0DF74451002DB57D /* CoreGraphics.framework */ = {isa = PBXFileReference; lastKnownFileType = wrapper.framework; name = CoreGraphics.framework; path = System/Library/Frameworks/CoreGraphics.framework; sourceTree = SDKROOT; };
		29B97316FDCFA39411CA2CEA /* main.m */ = {isa = PBXFileReference; fileEncoding = 4; lastKnownFileType = sourcecode.c.objc; path = main.m; sourceTree = "<group>"; };
		301BF52D109A57CC0062928A /* CordovaLib.xcodeproj */ = {isa = PBXFileReference; lastKnownFileType = "wrapper.pb-project"; name = CordovaLib.xcodeproj; path = "CordovaLib/CordovaLib.xcodeproj"; sourceTree = "<group>"; };
		301BF56E109A69640062928A /* www */ = {isa = PBXFileReference; lastKnownFileType = folder; path = www; sourceTree = SOURCE_ROOT; };
		302D95EE14D2391D003F00A1 /* MainViewController.h */ = {isa = PBXFileReference; fileEncoding = 4; lastKnownFileType = sourcecode.c.h; path = MainViewController.h; sourceTree = "<group>"; };
		302D95EF14D2391D003F00A1 /* MainViewController.m */ = {isa = PBXFileReference; fileEncoding = 4; lastKnownFileType = sourcecode.c.objc; path = MainViewController.m; sourceTree = "<group>"; };
		302D95F014D2391D003F00A1 /* MainViewController.xib */ = {isa = PBXFileReference; fileEncoding = 4; lastKnownFileType = file.xib; path = MainViewController.xib; sourceTree = "<group>"; };
		305D5FD0115AB8F900A74A75 /* MobileCoreServices.framework */ = {isa = PBXFileReference; lastKnownFileType = wrapper.framework; name = MobileCoreServices.framework; path = System/Library/Frameworks/MobileCoreServices.framework; sourceTree = SDKROOT; };
		3088BBB7154F3926009F9C59 /* Default-Landscape@2x~ipad.png */ = {isa = PBXFileReference; lastKnownFileType = image.png; path = "Default-Landscape@2x~ipad.png"; sourceTree = "<group>"; };
		3088BBB8154F3926009F9C59 /* Default-Landscape~ipad.png */ = {isa = PBXFileReference; lastKnownFileType = image.png; path = "Default-Landscape~ipad.png"; sourceTree = "<group>"; };
		3088BBB9154F3926009F9C59 /* Default-Portrait@2x~ipad.png */ = {isa = PBXFileReference; lastKnownFileType = image.png; path = "Default-Portrait@2x~ipad.png"; sourceTree = "<group>"; };
		3088BBBA154F3926009F9C59 /* Default-Portrait~ipad.png */ = {isa = PBXFileReference; lastKnownFileType = image.png; path = "Default-Portrait~ipad.png"; sourceTree = "<group>"; };
		3088BBBB154F3926009F9C59 /* Default@2x~iphone.png */ = {isa = PBXFileReference; lastKnownFileType = image.png; path = "Default@2x~iphone.png"; sourceTree = "<group>"; };
		3088BBBC154F3926009F9C59 /* Default~iphone.png */ = {isa = PBXFileReference; lastKnownFileType = image.png; path = "Default~iphone.png"; sourceTree = "<group>"; };
		308D052E1370CCF300D202BF /* icon-72.png */ = {isa = PBXFileReference; lastKnownFileType = image.png; path = "icon-72.png"; sourceTree = "<group>"; };
		308D052F1370CCF300D202BF /* icon.png */ = {isa = PBXFileReference; lastKnownFileType = image.png; path = icon.png; sourceTree = "<group>"; };
		308D05301370CCF300D202BF /* icon@2x.png */ = {isa = PBXFileReference; lastKnownFileType = image.png; path = "icon@2x.png"; sourceTree = "<group>"; };
		30B4F2FD19D5E07200D9F7D8 /* Default-667h.png */ = {isa = PBXFileReference; lastKnownFileType = image.png; path = "Default-667h.png"; sourceTree = "<group>"; };
		30B4F2FE19D5E07200D9F7D8 /* Default-736h.png */ = {isa = PBXFileReference; lastKnownFileType = image.png; path = "Default-736h.png"; sourceTree = "<group>"; };
		30B4F2FF19D5E07200D9F7D8 /* Default-Landscape-736h.png */ = {isa = PBXFileReference; lastKnownFileType = image.png; path = "Default-Landscape-736h.png"; sourceTree = "<group>"; };
		30C1856519D5FC0A00212699 /* icon-60@3x.png */ = {isa = PBXFileReference; lastKnownFileType = image.png; path = "icon-60@3x.png"; sourceTree = "<group>"; };
		30FC414816E50CA1004E6F35 /* icon-72@2x.png */ = {isa = PBXFileReference; lastKnownFileType = image.png; path = "icon-72@2x.png"; sourceTree = "<group>"; };
		32CA4F630368D1EE00C91783 /* VideoList-Prefix.pch */ = {isa = PBXFileReference; fileEncoding = 4; lastKnownFileType = sourcecode.c.h; path = "VideoList-Prefix.pch"; sourceTree = "<group>"; };
		5B1594DC16A7569C00FEF299 /* AssetsLibrary.framework */ = {isa = PBXFileReference; lastKnownFileType = wrapper.framework; name = AssetsLibrary.framework; path = System/Library/Frameworks/AssetsLibrary.framework; sourceTree = SDKROOT; };
		7E7966D41810823500FA85AD /* icon-40.png */ = {isa = PBXFileReference; lastKnownFileType = image.png; path = "icon-40.png"; sourceTree = "<group>"; };
		7E7966D51810823500FA85AD /* icon-40@2x.png */ = {isa = PBXFileReference; lastKnownFileType = image.png; path = "icon-40@2x.png"; sourceTree = "<group>"; };
		7E7966D61810823500FA85AD /* icon-50.png */ = {isa = PBXFileReference; lastKnownFileType = image.png; path = "icon-50.png"; sourceTree = "<group>"; };
		7E7966D71810823500FA85AD /* icon-50@2x.png */ = {isa = PBXFileReference; lastKnownFileType = image.png; path = "icon-50@2x.png"; sourceTree = "<group>"; };
		7E7966D81810823500FA85AD /* icon-60.png */ = {isa = PBXFileReference; lastKnownFileType = image.png; path = "icon-60.png"; sourceTree = "<group>"; };
		7E7966D91810823500FA85AD /* icon-60@2x.png */ = {isa = PBXFileReference; lastKnownFileType = image.png; path = "icon-60@2x.png"; sourceTree = "<group>"; };
		7E7966DA1810823500FA85AD /* icon-76.png */ = {isa = PBXFileReference; lastKnownFileType = image.png; path = "icon-76.png"; sourceTree = "<group>"; };
		7E7966DB1810823500FA85AD /* icon-76@2x.png */ = {isa = PBXFileReference; lastKnownFileType = image.png; path = "icon-76@2x.png"; sourceTree = "<group>"; };
		7E7966DC1810823500FA85AD /* icon-small.png */ = {isa = PBXFileReference; lastKnownFileType = image.png; path = "icon-small.png"; sourceTree = "<group>"; };
		7E7966DD1810823500FA85AD /* icon-small@2x.png */ = {isa = PBXFileReference; lastKnownFileType = image.png; path = "icon-small@2x.png"; sourceTree = "<group>"; };
		8D1107310486CEB800E47090 /* VideoList-Info.plist */ = {isa = PBXFileReference; fileEncoding = 4; lastKnownFileType = text.plist.xml; name = "VideoList-Info.plist"; path = "../VideoList-Info.plist"; plistStructureDefinitionIdentifier = "com.apple.xcode.plist.structure-definition.iphone.info-plist"; sourceTree = "<group>"; };
		D4A0D8751607E02300AEF8BB /* Default-568h@2x~iphone.png */ = {isa = PBXFileReference; lastKnownFileType = image.png; path = "Default-568h@2x~iphone.png"; sourceTree = "<group>"; };
		EB87FDF21871DA7A0020F90C /* merges */ = {isa = PBXFileReference; lastKnownFileType = folder; name = merges; path = ../../merges; sourceTree = "<group>"; };
		EB87FDF31871DA8E0020F90C /* www */ = {isa = PBXFileReference; lastKnownFileType = folder; name = www; path = ../../www; sourceTree = "<group>"; };
		EB87FDF41871DAF40020F90C /* config.xml */ = {isa = PBXFileReference; lastKnownFileType = text.xml; name = config.xml; path = ../../config.xml; sourceTree = "<group>"; };
		F840E1F0165FE0F500CFE078 /* config.xml */ = {isa = PBXFileReference; lastKnownFileType = text.xml; name = config.xml; path = "VideoList/config.xml"; sourceTree = "<group>"; };
		7E8DCD5CE5244B9685667753 /* libGoogleAdMobAds.a */ = {isa = PBXFileReference; lastKnownFileType = archive.ar; name = "libGoogleAdMobAds.a"; path = "VideoList/Plugins/com.google.admobsdk/libGoogleAdMobAds.a"; sourceTree = "<group>"; fileEncoding = 4; };
		8CCC621001964EBABD8A1F52 /* GADAdMobExtras.h */ = {isa = PBXFileReference; lastKnownFileType = sourcecode.c.h; name = "GADAdMobExtras.h"; path = "com.google.admobsdk/GADAdMobExtras.h"; sourceTree = "<group>"; fileEncoding = 4; };
		AF58F1B1D5FF4277A28B558A /* GADAdNetworkExtras.h */ = {isa = PBXFileReference; lastKnownFileType = sourcecode.c.h; name = "GADAdNetworkExtras.h"; path = "com.google.admobsdk/GADAdNetworkExtras.h"; sourceTree = "<group>"; fileEncoding = 4; };
		B003463478064DD6B4DDFE9D /* GADAdSize.h */ = {isa = PBXFileReference; lastKnownFileType = sourcecode.c.h; name = "GADAdSize.h"; path = "com.google.admobsdk/GADAdSize.h"; sourceTree = "<group>"; fileEncoding = 4; };
		4BAAD621BB5841AF86ADDF86 /* GADBannerView.h */ = {isa = PBXFileReference; lastKnownFileType = sourcecode.c.h; name = "GADBannerView.h"; path = "com.google.admobsdk/GADBannerView.h"; sourceTree = "<group>"; fileEncoding = 4; };
		E4C25D71EED340A2B73CCF91 /* GADBannerViewDelegate.h */ = {isa = PBXFileReference; lastKnownFileType = sourcecode.c.h; name = "GADBannerViewDelegate.h"; path = "com.google.admobsdk/GADBannerViewDelegate.h"; sourceTree = "<group>"; fileEncoding = 4; };
		B793D3EF0D2D49E78CA8C81E /* GADInAppPurchase.h */ = {isa = PBXFileReference; lastKnownFileType = sourcecode.c.h; name = "GADInAppPurchase.h"; path = "com.google.admobsdk/GADInAppPurchase.h"; sourceTree = "<group>"; fileEncoding = 4; };
		0F4A8EBBAFC94A728FE43C2B /* GADInAppPurchaseDelegate.h */ = {isa = PBXFileReference; lastKnownFileType = sourcecode.c.h; name = "GADInAppPurchaseDelegate.h"; path = "com.google.admobsdk/GADInAppPurchaseDelegate.h"; sourceTree = "<group>"; fileEncoding = 4; };
		D93CFE888207404A8E3E19D6 /* GADInterstitial.h */ = {isa = PBXFileReference; lastKnownFileType = sourcecode.c.h; name = "GADInterstitial.h"; path = "com.google.admobsdk/GADInterstitial.h"; sourceTree = "<group>"; fileEncoding = 4; };
		370359A6F0604C5FA020C2D5 /* GADInterstitialDelegate.h */ = {isa = PBXFileReference; lastKnownFileType = sourcecode.c.h; name = "GADInterstitialDelegate.h"; path = "com.google.admobsdk/GADInterstitialDelegate.h"; sourceTree = "<group>"; fileEncoding = 4; };
		91336E2280D64E3F9EAA0437 /* GADModules.h */ = {isa = PBXFileReference; lastKnownFileType = sourcecode.c.h; name = "GADModules.h"; path = "com.google.admobsdk/GADModules.h"; sourceTree = "<group>"; fileEncoding = 4; };
		4CF466966DC14E51882CC842 /* GADRequest.h */ = {isa = PBXFileReference; lastKnownFileType = sourcecode.c.h; name = "GADRequest.h"; path = "com.google.admobsdk/GADRequest.h"; sourceTree = "<group>"; fileEncoding = 4; };
		0CEAAC742AAB48ED863EA308 /* GADRequestError.h */ = {isa = PBXFileReference; lastKnownFileType = sourcecode.c.h; name = "GADRequestError.h"; path = "com.google.admobsdk/GADRequestError.h"; sourceTree = "<group>"; fileEncoding = 4; };
		73A23F8294BD45D0A9A4ACAE /* DFPBannerView.h */ = {isa = PBXFileReference; lastKnownFileType = sourcecode.c.h; name = "DFPBannerView.h"; path = "com.google.admobsdk/DFPBannerView.h"; sourceTree = "<group>"; fileEncoding = 4; };
		4644C756D1B64AD3A3948CB6 /* DFPInterstitial.h */ = {isa = PBXFileReference; lastKnownFileType = sourcecode.c.h; name = "DFPInterstitial.h"; path = "com.google.admobsdk/DFPInterstitial.h"; sourceTree = "<group>"; fileEncoding = 4; };
		34AF057117BF45089AF442AE /* GADSwipeableBannerViewDelegate.h */ = {isa = PBXFileReference; lastKnownFileType = sourcecode.c.h; name = "GADSwipeableBannerViewDelegate.h"; path = "com.google.admobsdk/GADSwipeableBannerViewDelegate.h"; sourceTree = "<group>"; fileEncoding = 4; };
		660514DF8E6A4A4CB4C9CB1E /* DFPSwipeableBannerView.h */ = {isa = PBXFileReference; lastKnownFileType = sourcecode.c.h; name = "DFPSwipeableBannerView.h"; path = "com.google.admobsdk/DFPSwipeableBannerView.h"; sourceTree = "<group>"; fileEncoding = 4; };
		671C9395D0834EDB96BF7D53 /* GADAppEventDelegate.h */ = {isa = PBXFileReference; lastKnownFileType = sourcecode.c.h; name = "GADAppEventDelegate.h"; path = "com.google.admobsdk/GADAppEventDelegate.h"; sourceTree = "<group>"; fileEncoding = 4; };
		13589488D6B94772A69AA79F /* GADAdSizeDelegate.h */ = {isa = PBXFileReference; lastKnownFileType = sourcecode.c.h; name = "GADAdSizeDelegate.h"; path = "com.google.admobsdk/GADAdSizeDelegate.h"; sourceTree = "<group>"; fileEncoding = 4; };
		BFC57E6B7390430D8D7E7BCE /* GADCustomEventBanner.h */ = {isa = PBXFileReference; lastKnownFileType = sourcecode.c.h; name = "GADCustomEventBanner.h"; path = "com.google.admobsdk/GADCustomEventBanner.h"; sourceTree = "<group>"; fileEncoding = 4; };
		7F335991AC1544A89F799F5C /* GADCustomEventBannerDelegate.h */ = {isa = PBXFileReference; lastKnownFileType = sourcecode.c.h; name = "GADCustomEventBannerDelegate.h"; path = "com.google.admobsdk/GADCustomEventBannerDelegate.h"; sourceTree = "<group>"; fileEncoding = 4; };
		B3B9E294DC234449AC449FCA /* GADCustomEventInterstitial.h */ = {isa = PBXFileReference; lastKnownFileType = sourcecode.c.h; name = "GADCustomEventInterstitial.h"; path = "com.google.admobsdk/GADCustomEventInterstitial.h"; sourceTree = "<group>"; fileEncoding = 4; };
		162D46EF9FB941CC991F5313 /* GADCustomEventInterstitialDelegate.h */ = {isa = PBXFileReference; lastKnownFileType = sourcecode.c.h; name = "GADCustomEventInterstitialDelegate.h"; path = "com.google.admobsdk/GADCustomEventInterstitialDelegate.h"; sourceTree = "<group>"; fileEncoding = 4; };
		5EB4E487555A45438D5A13F3 /* GADCustomEventRequest.h */ = {isa = PBXFileReference; lastKnownFileType = sourcecode.c.h; name = "GADCustomEventRequest.h"; path = "com.google.admobsdk/GADCustomEventRequest.h"; sourceTree = "<group>"; fileEncoding = 4; };
		B99F3B6A6DD64CCFB9C35896 /* GADCustomEventExtras.h */ = {isa = PBXFileReference; lastKnownFileType = sourcecode.c.h; name = "GADCustomEventExtras.h"; path = "com.google.admobsdk/GADCustomEventExtras.h"; sourceTree = "<group>"; fileEncoding = 4; };
		38407754611B468E946B4AA0 /* GADSearchBannerView.h */ = {isa = PBXFileReference; lastKnownFileType = sourcecode.c.h; name = "GADSearchBannerView.h"; path = "com.google.admobsdk/GADSearchBannerView.h"; sourceTree = "<group>"; fileEncoding = 4; };
		10F801AF1F4145208AE8135D /* GADSearchRequest.h */ = {isa = PBXFileReference; lastKnownFileType = sourcecode.c.h; name = "GADSearchRequest.h"; path = "com.google.admobsdk/GADSearchRequest.h"; sourceTree = "<group>"; fileEncoding = 4; };
		A6B838F5B77C4AE98DEC50F0 /* AdSupport.framework */ = {isa = PBXFileReference; lastKnownFileType = wrapper.framework; name = "AdSupport.framework"; path = "System/Library/Frameworks/AdSupport.framework"; sourceTree = SDKROOT; fileEncoding = 4; };
		A21E4009F7DC4A358457EEB4 /* AudioToolbox.framework */ = {isa = PBXFileReference; lastKnownFileType = wrapper.framework; name = "AudioToolbox.framework"; path = "System/Library/Frameworks/AudioToolbox.framework"; sourceTree = SDKROOT; fileEncoding = 4; };
		D4FE25DD38EC4360A6E82F37 /* AVFoundation.framework */ = {isa = PBXFileReference; lastKnownFileType = wrapper.framework; name = "AVFoundation.framework"; path = "System/Library/Frameworks/AVFoundation.framework"; sourceTree = SDKROOT; fileEncoding = 4; };
		F24BC90846C6442188FCD7F8 /* CoreTelephony.framework */ = {isa = PBXFileReference; lastKnownFileType = wrapper.framework; name = "CoreTelephony.framework"; path = "System/Library/Frameworks/CoreTelephony.framework"; sourceTree = SDKROOT; fileEncoding = 4; };
		B762B693127E4D939B27C95D /* EventKit.framework */ = {isa = PBXFileReference; lastKnownFileType = wrapper.framework; name = "EventKit.framework"; path = "System/Library/Frameworks/EventKit.framework"; sourceTree = SDKROOT; fileEncoding = 4; };
		2FDE9A0B779B493AB20F3098 /* EventKitUI.framework */ = {isa = PBXFileReference; lastKnownFileType = wrapper.framework; name = "EventKitUI.framework"; path = "System/Library/Frameworks/EventKitUI.framework"; sourceTree = SDKROOT; fileEncoding = 4; };
		44472C651D1E479EBB6F7530 /* Foundation.framework */ = {isa = PBXFileReference; lastKnownFileType = wrapper.framework; name = "Foundation.framework"; path = "System/Library/Frameworks/Foundation.framework"; sourceTree = SDKROOT; fileEncoding = 4; };
		94457D7B91724E1AB02EB0E9 /* MessageUI.framework */ = {isa = PBXFileReference; lastKnownFileType = wrapper.framework; name = "MessageUI.framework"; path = "System/Library/Frameworks/MessageUI.framework"; sourceTree = SDKROOT; fileEncoding = 4; };
		49329FC2B9154A1EB8E0CED2 /* StoreKit.framework */ = {isa = PBXFileReference; lastKnownFileType = wrapper.framework; name = "StoreKit.framework"; path = "System/Library/Frameworks/StoreKit.framework"; sourceTree = SDKROOT; fileEncoding = 4; };
		7A997B1619B54EC4973664AB /* SystemConfiguration.framework */ = {isa = PBXFileReference; lastKnownFileType = wrapper.framework; name = "SystemConfiguration.framework"; path = "System/Library/Frameworks/SystemConfiguration.framework"; sourceTree = SDKROOT; fileEncoding = 4; };
		442A1C0A06DF4F7392462001 /* UIKit.framework */ = {isa = PBXFileReference; lastKnownFileType = wrapper.framework; name = "UIKit.framework"; path = "System/Library/Frameworks/UIKit.framework"; sourceTree = SDKROOT; fileEncoding = 4; };
		9C9999EED1004A32BB3141B7 /* IonicKeyboard.m */ = {isa = PBXFileReference; lastKnownFileType = sourcecode.c.objc; name = "IonicKeyboard.m"; path = "com.ionic.keyboard/IonicKeyboard.m"; sourceTree = "<group>"; fileEncoding = 4; };
		107637AA758D4FFFA713C3A1 /* UIWebViewExtension.m */ = {isa = PBXFileReference; lastKnownFileType = sourcecode.c.objc; name = "UIWebViewExtension.m"; path = "com.ionic.keyboard/UIWebViewExtension.m"; sourceTree = "<group>"; fileEncoding = 4; };
		F311B51AF551424EA3C4C7C8 /* IonicKeyboard.h */ = {isa = PBXFileReference; lastKnownFileType = sourcecode.c.h; name = "IonicKeyboard.h"; path = "com.ionic.keyboard/IonicKeyboard.h"; sourceTree = "<group>"; fileEncoding = 4; };
		866F02B3A82541408E269968 /* UIWebViewExtension.h */ = {isa = PBXFileReference; lastKnownFileType = sourcecode.c.h; name = "UIWebViewExtension.h"; path = "com.ionic.keyboard/UIWebViewExtension.h"; sourceTree = "<group>"; fileEncoding = 4; };
		D2C5253A6D6C475C8A7625C1 /* CDVAdMob.m */ = {isa = PBXFileReference; lastKnownFileType = sourcecode.c.objc; name = "CDVAdMob.m"; path = "com.rjfun.cordova.plugin.admob/CDVAdMob.m"; sourceTree = "<group>"; fileEncoding = 4; };
		B0C8D4F7377940748248F2C0 /* CDVAdMob.h */ = {isa = PBXFileReference; lastKnownFileType = sourcecode.c.h; name = "CDVAdMob.h"; path = "com.rjfun.cordova.plugin.admob/CDVAdMob.h"; sourceTree = "<group>"; fileEncoding = 4; };
		5A887C26FA1C439A93EE8BDB /* APPEmailComposer.m */ = {isa = PBXFileReference; lastKnownFileType = sourcecode.c.objc; name = "APPEmailComposer.m"; path = "de.appplant.cordova.plugin.email-composer/APPEmailComposer.m"; sourceTree = "<group>"; fileEncoding = 4; };
		442797889E3E460E8406562E /* APPEmailComposer.h */ = {isa = PBXFileReference; lastKnownFileType = sourcecode.c.h; name = "APPEmailComposer.h"; path = "de.appplant.cordova.plugin.email-composer/APPEmailComposer.h"; sourceTree = "<group>"; fileEncoding = 4; };
		FC0B2C9CE6EB44C99399EA31 /* CDVLogger.m */ = {isa = PBXFileReference; lastKnownFileType = sourcecode.c.objc; name = "CDVLogger.m"; path = "org.apache.cordova.console/CDVLogger.m"; sourceTree = "<group>"; fileEncoding = 4; };
		4D711A7994E747A794BBDE54 /* CDVLogger.h */ = {isa = PBXFileReference; lastKnownFileType = sourcecode.c.h; name = "CDVLogger.h"; path = "org.apache.cordova.console/CDVLogger.h"; sourceTree = "<group>"; fileEncoding = 4; };
		8651027092F2400EA8B861CF /* CDVDevice.m */ = {isa = PBXFileReference; lastKnownFileType = sourcecode.c.objc; name = "CDVDevice.m"; path = "org.apache.cordova.device/CDVDevice.m"; sourceTree = "<group>"; fileEncoding = 4; };
		BCD442B20E09424E818BFB57 /* CDVDevice.h */ = {isa = PBXFileReference; lastKnownFileType = sourcecode.c.h; name = "CDVDevice.h"; path = "org.apache.cordova.device/CDVDevice.h"; sourceTree = "<group>"; fileEncoding = 4; };
		91DF22C25B2145DFA3E48FDB /* CDVInAppBrowser.m */ = {isa = PBXFileReference; lastKnownFileType = sourcecode.c.objc; name = "CDVInAppBrowser.m"; path = "org.apache.cordova.inappbrowser/CDVInAppBrowser.m"; sourceTree = "<group>"; fileEncoding = 4; };
		BBFE31E0FC8A4EDC99A9A7D5 /* CDVInAppBrowser.h */ = {isa = PBXFileReference; lastKnownFileType = sourcecode.c.h; name = "CDVInAppBrowser.h"; path = "org.apache.cordova.inappbrowser/CDVInAppBrowser.h"; sourceTree = "<group>"; fileEncoding = 4; };
/* End PBXFileReference section */

/* Begin PBXFrameworksBuildPhase section */
		1D60588F0D05DD3D006BFB54 /* Frameworks */ = {
			isa = PBXFrameworksBuildPhase;
			buildActionMask = 2147483647;
			files = (
				5B1594DD16A7569C00FEF299 /* AssetsLibrary.framework in Frameworks */,
				301BF552109A68D80062928A /* libCordova.a in Frameworks */,
				288765FD0DF74451002DB57D /* CoreGraphics.framework in Frameworks */,
				305D5FD1115AB8F900A74A75 /* MobileCoreServices.framework in Frameworks */,
				F25283A06538490CA85AE717 /* libGoogleAdMobAds.a in Frameworks */,
				286D2A4CECC94D1D8B8A2633 /* AdSupport.framework in Frameworks */,
				6AE1906D2DD14B899846C0C2 /* AudioToolbox.framework in Frameworks */,
				CC2B16359CD94BCE9B5D6369 /* AVFoundation.framework in Frameworks */,
				56B77896BF19481C9A33A374 /* CoreTelephony.framework in Frameworks */,
				D732CED90B1A4926B10EC24A /* EventKit.framework in Frameworks */,
				B21F2285644E43A983882235 /* EventKitUI.framework in Frameworks */,
				7E546336B9AF4EECBD3DA147 /* Foundation.framework in Frameworks */,
				EF85BA4A38714417AE12AE4A /* MessageUI.framework in Frameworks */,
				8C682BFA6D524C83B5EDAA0D /* StoreKit.framework in Frameworks */,
				91F8C4FD13B14129B90CB221 /* SystemConfiguration.framework in Frameworks */,
				FED1DAA9291348319E30B586 /* UIKit.framework in Frameworks */,
			);
			runOnlyForDeploymentPostprocessing = 0;
		};
/* End PBXFrameworksBuildPhase section */

/* Begin PBXGroup section */
		080E96DDFE201D6D7F000001 /* Classes */ = {
			isa = PBXGroup;
			children = (
				302D95EE14D2391D003F00A1 /* MainViewController.h */,
				302D95EF14D2391D003F00A1 /* MainViewController.m */,
				302D95F014D2391D003F00A1 /* MainViewController.xib */,
				1D3623240D0F684500981E51 /* AppDelegate.h */,
				1D3623250D0F684500981E51 /* AppDelegate.m */,
			);
			name = Classes;
			path = "VideoList/Classes";
			sourceTree = SOURCE_ROOT;
		};
		19C28FACFE9D520D11CA2CBB /* Products */ = {
			isa = PBXGroup;
			children = (
				1D6058910D05DD3D006BFB54 /* VideoList.app */,
			);
			name = Products;
			sourceTree = "<group>";
		};
		29B97314FDCFA39411CA2CEA /* CustomTemplate */ = {
			isa = PBXGroup;
			children = (
				EB87FDF41871DAF40020F90C /* config.xml */,
				EB87FDF31871DA8E0020F90C /* www */,
				EB87FDF21871DA7A0020F90C /* merges */,
				EB87FDF11871DA420020F90C /* Staging */,
				301BF52D109A57CC0062928A /* CordovaLib.xcodeproj */,
				080E96DDFE201D6D7F000001 /* Classes */,
				307C750510C5A3420062BCA9 /* Plugins */,
				29B97315FDCFA39411CA2CEA /* Other Sources */,
				29B97317FDCFA39411CA2CEA /* Resources */,
				29B97323FDCFA39411CA2CEA /* Frameworks */,
				19C28FACFE9D520D11CA2CBB /* Products */,
			);
			name = CustomTemplate;
			sourceTree = "<group>";
		};
		29B97315FDCFA39411CA2CEA /* Other Sources */ = {
			isa = PBXGroup;
			children = (
				32CA4F630368D1EE00C91783 /* VideoList-Prefix.pch */,
				29B97316FDCFA39411CA2CEA /* main.m */,
			);
			name = "Other Sources";
			path = "VideoList";
			sourceTree = "<group>";
		};
		29B97317FDCFA39411CA2CEA /* Resources */ = {
			isa = PBXGroup;
			children = (
				308D052D1370CCF300D202BF /* icons */,
				308D05311370CCF300D202BF /* splash */,
				8D1107310486CEB800E47090 /* VideoList-Info.plist */,
			);
			name = Resources;
			path = "VideoList/Resources";
			sourceTree = "<group>";
		};
		29B97323FDCFA39411CA2CEA /* Frameworks */ = {
			isa = PBXGroup;
			children = (
				5B1594DC16A7569C00FEF299 /* AssetsLibrary.framework */,
				288765FC0DF74451002DB57D /* CoreGraphics.framework */,
				305D5FD0115AB8F900A74A75 /* MobileCoreServices.framework */,
				7E8DCD5CE5244B9685667753 /* libGoogleAdMobAds.a */,
				A6B838F5B77C4AE98DEC50F0 /* AdSupport.framework */,
				A21E4009F7DC4A358457EEB4 /* AudioToolbox.framework */,
				D4FE25DD38EC4360A6E82F37 /* AVFoundation.framework */,
				F24BC90846C6442188FCD7F8 /* CoreTelephony.framework */,
				B762B693127E4D939B27C95D /* EventKit.framework */,
				2FDE9A0B779B493AB20F3098 /* EventKitUI.framework */,
				44472C651D1E479EBB6F7530 /* Foundation.framework */,
				94457D7B91724E1AB02EB0E9 /* MessageUI.framework */,
				49329FC2B9154A1EB8E0CED2 /* StoreKit.framework */,
				7A997B1619B54EC4973664AB /* SystemConfiguration.framework */,
				442A1C0A06DF4F7392462001 /* UIKit.framework */,
			);
			name = Frameworks;
			sourceTree = "<group>";
		};
		301BF52E109A57CC0062928A /* Products */ = {
			isa = PBXGroup;
			children = (
				301BF535109A57CC0062928A /* libCordova.a */,
			);
			name = Products;
			sourceTree = "<group>";
		};
		307C750510C5A3420062BCA9 /* Plugins */ = {
			isa = PBXGroup;
			children = (
				8CCC621001964EBABD8A1F52 /* GADAdMobExtras.h */,
				AF58F1B1D5FF4277A28B558A /* GADAdNetworkExtras.h */,
				B003463478064DD6B4DDFE9D /* GADAdSize.h */,
				4BAAD621BB5841AF86ADDF86 /* GADBannerView.h */,
				E4C25D71EED340A2B73CCF91 /* GADBannerViewDelegate.h */,
				B793D3EF0D2D49E78CA8C81E /* GADInAppPurchase.h */,
				0F4A8EBBAFC94A728FE43C2B /* GADInAppPurchaseDelegate.h */,
				D93CFE888207404A8E3E19D6 /* GADInterstitial.h */,
				370359A6F0604C5FA020C2D5 /* GADInterstitialDelegate.h */,
				91336E2280D64E3F9EAA0437 /* GADModules.h */,
				4CF466966DC14E51882CC842 /* GADRequest.h */,
				0CEAAC742AAB48ED863EA308 /* GADRequestError.h */,
				73A23F8294BD45D0A9A4ACAE /* DFPBannerView.h */,
				4644C756D1B64AD3A3948CB6 /* DFPInterstitial.h */,
				34AF057117BF45089AF442AE /* GADSwipeableBannerViewDelegate.h */,
				660514DF8E6A4A4CB4C9CB1E /* DFPSwipeableBannerView.h */,
				671C9395D0834EDB96BF7D53 /* GADAppEventDelegate.h */,
				13589488D6B94772A69AA79F /* GADAdSizeDelegate.h */,
				BFC57E6B7390430D8D7E7BCE /* GADCustomEventBanner.h */,
				7F335991AC1544A89F799F5C /* GADCustomEventBannerDelegate.h */,
				B3B9E294DC234449AC449FCA /* GADCustomEventInterstitial.h */,
				162D46EF9FB941CC991F5313 /* GADCustomEventInterstitialDelegate.h */,
				5EB4E487555A45438D5A13F3 /* GADCustomEventRequest.h */,
				B99F3B6A6DD64CCFB9C35896 /* GADCustomEventExtras.h */,
				38407754611B468E946B4AA0 /* GADSearchBannerView.h */,
				10F801AF1F4145208AE8135D /* GADSearchRequest.h */,
				9C9999EED1004A32BB3141B7 /* IonicKeyboard.m */,
				107637AA758D4FFFA713C3A1 /* UIWebViewExtension.m */,
				F311B51AF551424EA3C4C7C8 /* IonicKeyboard.h */,
				866F02B3A82541408E269968 /* UIWebViewExtension.h */,
				D2C5253A6D6C475C8A7625C1 /* CDVAdMob.m */,
				B0C8D4F7377940748248F2C0 /* CDVAdMob.h */,
				5A887C26FA1C439A93EE8BDB /* APPEmailComposer.m */,
				442797889E3E460E8406562E /* APPEmailComposer.h */,
				FC0B2C9CE6EB44C99399EA31 /* CDVLogger.m */,
				4D711A7994E747A794BBDE54 /* CDVLogger.h */,
				8651027092F2400EA8B861CF /* CDVDevice.m */,
				BCD442B20E09424E818BFB57 /* CDVDevice.h */,
				91DF22C25B2145DFA3E48FDB /* CDVInAppBrowser.m */,
				BBFE31E0FC8A4EDC99A9A7D5 /* CDVInAppBrowser.h */,
			);
			name = Plugins;
			path = "VideoList/Plugins";
			sourceTree = SOURCE_ROOT;
		};
		308D052D1370CCF300D202BF /* icons */ = {
			isa = PBXGroup;
			children = (
				30C1856519D5FC0A00212699 /* icon-60@3x.png */,
				7E7966D41810823500FA85AD /* icon-40.png */,
				7E7966D51810823500FA85AD /* icon-40@2x.png */,
				7E7966D61810823500FA85AD /* icon-50.png */,
				7E7966D71810823500FA85AD /* icon-50@2x.png */,
				7E7966D81810823500FA85AD /* icon-60.png */,
				7E7966D91810823500FA85AD /* icon-60@2x.png */,
				7E7966DA1810823500FA85AD /* icon-76.png */,
				7E7966DB1810823500FA85AD /* icon-76@2x.png */,
				7E7966DC1810823500FA85AD /* icon-small.png */,
				7E7966DD1810823500FA85AD /* icon-small@2x.png */,
				30FC414816E50CA1004E6F35 /* icon-72@2x.png */,
				308D052E1370CCF300D202BF /* icon-72.png */,
				308D052F1370CCF300D202BF /* icon.png */,
				308D05301370CCF300D202BF /* icon@2x.png */,
			);
			path = icons;
			sourceTree = "<group>";
		};
		308D05311370CCF300D202BF /* splash */ = {
			isa = PBXGroup;
			children = (
				30B4F2FD19D5E07200D9F7D8 /* Default-667h.png */,
				30B4F2FE19D5E07200D9F7D8 /* Default-736h.png */,
				30B4F2FF19D5E07200D9F7D8 /* Default-Landscape-736h.png */,
				D4A0D8751607E02300AEF8BB /* Default-568h@2x~iphone.png */,
				3088BBB7154F3926009F9C59 /* Default-Landscape@2x~ipad.png */,
				3088BBB8154F3926009F9C59 /* Default-Landscape~ipad.png */,
				3088BBB9154F3926009F9C59 /* Default-Portrait@2x~ipad.png */,
				3088BBBA154F3926009F9C59 /* Default-Portrait~ipad.png */,
				3088BBBB154F3926009F9C59 /* Default@2x~iphone.png */,
				3088BBBC154F3926009F9C59 /* Default~iphone.png */,
			);
			path = splash;
			sourceTree = "<group>";
		};
		EB87FDF11871DA420020F90C /* Staging */ = {
			isa = PBXGroup;
			children = (
				F840E1F0165FE0F500CFE078 /* config.xml */,
				301BF56E109A69640062928A /* www */,
			);
			name = Staging;
			sourceTree = "<group>";
		};
/* End PBXGroup section */

/* Begin PBXNativeTarget section */
		1D6058900D05DD3D006BFB54 /* VideoList */ = {
			isa = PBXNativeTarget;
			buildConfigurationList = 1D6058960D05DD3E006BFB54 /* Build configuration list for PBXNativeTarget "VideoList" */;
			buildPhases = (
				304B58A110DAC018002A0835 /* Copy www directory */,
				1D60588D0D05DD3D006BFB54 /* Resources */,
				1D60588E0D05DD3D006BFB54 /* Sources */,
				1D60588F0D05DD3D006BFB54 /* Frameworks */,
			);
			buildRules = (
			);
			dependencies = (
				301BF551109A68C00062928A /* PBXTargetDependency */,
			);
			name = "VideoList";
			productName = "VideoList";
			productReference = 1D6058910D05DD3D006BFB54 /* VideoList.app */;
			productType = "com.apple.product-type.application";
		};
/* End PBXNativeTarget section */

/* Begin PBXProject section */
		29B97313FDCFA39411CA2CEA /* Project object */ = {
			isa = PBXProject;
			attributes = {
				LastUpgradeCheck = 510;
			};
			buildConfigurationList = C01FCF4E08A954540054247B /* Build configuration list for PBXProject "__CLI__" */;
			compatibilityVersion = "Xcode 3.2";
			developmentRegion = English;
			hasScannedForEncodings = 1;
			knownRegions = (
				English,
				Japanese,
				French,
				German,
				en,
				es,
				de,
				se,
			);
			mainGroup = 29B97314FDCFA39411CA2CEA /* CustomTemplate */;
			projectDirPath = "";
			projectReferences = (
				{
					ProductGroup = 301BF52E109A57CC0062928A /* Products */;
					ProjectRef = 301BF52D109A57CC0062928A /* CordovaLib.xcodeproj */;
				},
			);
			projectRoot = "";
			targets = (
				1D6058900D05DD3D006BFB54 /* VideoList */,
			);
		};
/* End PBXProject section */

/* Begin PBXReferenceProxy section */
		301BF535109A57CC0062928A /* libCordova.a */ = {
			isa = PBXReferenceProxy;
			fileType = archive.ar;
			path = libCordova.a;
			remoteRef = 301BF534109A57CC0062928A /* PBXContainerItemProxy */;
			sourceTree = BUILT_PRODUCTS_DIR;
		};
/* End PBXReferenceProxy section */

/* Begin PBXResourcesBuildPhase section */
		1D60588D0D05DD3D006BFB54 /* Resources */ = {
			isa = PBXResourcesBuildPhase;
			buildActionMask = 2147483647;
			files = (
				7E7966E41810823500FA85AD /* icon-76.png in Resources */,
				7E7966DF1810823500FA85AD /* icon-40@2x.png in Resources */,
				308D05371370CCF300D202BF /* icon-72.png in Resources */,
				30B4F30119D5E07200D9F7D8 /* Default-736h.png in Resources */,
				308D05381370CCF300D202BF /* icon.png in Resources */,
				308D05391370CCF300D202BF /* icon@2x.png in Resources */,
				302D95F214D2391D003F00A1 /* MainViewController.xib in Resources */,
				7E7966E01810823500FA85AD /* icon-50.png in Resources */,
				7E7966E31810823500FA85AD /* icon-60@2x.png in Resources */,
				7E7966E61810823500FA85AD /* icon-small.png in Resources */,
				3088BBBD154F3926009F9C59 /* Default-Landscape@2x~ipad.png in Resources */,
				3088BBBE154F3926009F9C59 /* Default-Landscape~ipad.png in Resources */,
				3088BBBF154F3926009F9C59 /* Default-Portrait@2x~ipad.png in Resources */,
				7E7966E71810823500FA85AD /* icon-small@2x.png in Resources */,
				3088BBC0154F3926009F9C59 /* Default-Portrait~ipad.png in Resources */,
				30B4F30019D5E07200D9F7D8 /* Default-667h.png in Resources */,
				7E7966DE1810823500FA85AD /* icon-40.png in Resources */,
				3088BBC1154F3926009F9C59 /* Default@2x~iphone.png in Resources */,
				7E7966E21810823500FA85AD /* icon-60.png in Resources */,
				3088BBC2154F3926009F9C59 /* Default~iphone.png in Resources */,
				D4A0D8761607E02300AEF8BB /* Default-568h@2x~iphone.png in Resources */,
				30B4F30219D5E07200D9F7D8 /* Default-Landscape-736h.png in Resources */,
				30C1856619D5FC0A00212699 /* icon-60@3x.png in Resources */,
				7E7966E11810823500FA85AD /* icon-50@2x.png in Resources */,
				7E7966E51810823500FA85AD /* icon-76@2x.png in Resources */,
				30FC414916E50CA1004E6F35 /* icon-72@2x.png in Resources */,
			);
			runOnlyForDeploymentPostprocessing = 0;
		};
/* End PBXResourcesBuildPhase section */

/* Begin PBXShellScriptBuildPhase section */
		304B58A110DAC018002A0835 /* Copy www directory */ = {
			isa = PBXShellScriptBuildPhase;
			buildActionMask = 2147483647;
			files = (
			);
			inputPaths = (
			);
			name = "Copy www directory";
			outputPaths = (
			);
			runOnlyForDeploymentPostprocessing = 0;
			shellPath = /bin/sh;
			shellScript = "cordova/lib/copy-www-build-step.sh";
			showEnvVarsInLog = 0;
		};
/* End PBXShellScriptBuildPhase section */

/* Begin PBXSourcesBuildPhase section */
		1D60588E0D05DD3D006BFB54 /* Sources */ = {
			isa = PBXSourcesBuildPhase;
			buildActionMask = 2147483647;
			files = (
				1D60589B0D05DD56006BFB54 /* main.m in Sources */,
				1D3623260D0F684500981E51 /* AppDelegate.m in Sources */,
				302D95F114D2391D003F00A1 /* MainViewController.m in Sources */,
				5FFC548CBDE94C91A9CE0313 /* IonicKeyboard.m in Sources */,
				98D8D6AA54ED484E9C931AF2 /* UIWebViewExtension.m in Sources */,
				B3684FBF5FCA44F1AA868B17 /* CDVAdMob.m in Sources */,
				F925736434A24F28860A2529 /* APPEmailComposer.m in Sources */,
				75477FAC6188408B97A78B81 /* CDVLogger.m in Sources */,
				7A76C8BD062E4023999E8EA9 /* CDVDevice.m in Sources */,
				D307CD164D414E65847491B8 /* CDVInAppBrowser.m in Sources */,
			);
			runOnlyForDeploymentPostprocessing = 0;
		};
/* End PBXSourcesBuildPhase section */

/* Begin PBXTargetDependency section */
		301BF551109A68C00062928A /* PBXTargetDependency */ = {
			isa = PBXTargetDependency;
			name = CordovaLib;
			targetProxy = 301BF550109A68C00062928A /* PBXContainerItemProxy */;
		};
/* End PBXTargetDependency section */

/* Begin XCBuildConfiguration section */
		1D6058940D05DD3E006BFB54 /* Debug */ = {
			isa = XCBuildConfiguration;
			buildSettings = {
				ALWAYS_SEARCH_USER_PATHS = NO;
				CLANG_ENABLE_OBJC_ARC = YES;
				COPY_PHASE_STRIP = NO;
				GCC_DYNAMIC_NO_PIC = NO;
				GCC_OPTIMIZATION_LEVEL = 0;
				GCC_PRECOMPILE_PREFIX_HEADER = YES;
				GCC_PREFIX_HEADER = "VideoList/VideoList-Prefix.pch";
				GCC_THUMB_SUPPORT = NO;
				GCC_VERSION = "";
				INFOPLIST_FILE = "VideoList/VideoList-Info.plist";
				IPHONEOS_DEPLOYMENT_TARGET = 6.0;
				OTHER_LDFLAGS = (
					"-weak_framework",
					CoreFoundation,
					"-weak_framework",
					UIKit,
					"-weak_framework",
					AVFoundation,
					"-weak_framework",
					CoreMedia,
					"-weak-lSystem",
					"-ObjC",
				);
				PRODUCT_NAME = "VideoList";
				TARGETED_DEVICE_FAMILY = "1,2";
				LIBRARY_SEARCH_PATHS = (
					"$(inherited)",
					"\"$(SRCROOT)/VideoList/Plugins/com.google.admobsdk\"",
				);
			};
			name = Debug;
		};
		1D6058950D05DD3E006BFB54 /* Release */ = {
			isa = XCBuildConfiguration;
			buildSettings = {
				ALWAYS_SEARCH_USER_PATHS = NO;
				CLANG_ENABLE_OBJC_ARC = YES;
				COPY_PHASE_STRIP = YES;
				GCC_PRECOMPILE_PREFIX_HEADER = YES;
				GCC_PREFIX_HEADER = "VideoList/VideoList-Prefix.pch";
				GCC_THUMB_SUPPORT = NO;
				GCC_VERSION = "";
				INFOPLIST_FILE = "VideoList/VideoList-Info.plist";
				IPHONEOS_DEPLOYMENT_TARGET = 6.0;
				OTHER_LDFLAGS = (
					"-weak_framework",
					CoreFoundation,
					"-weak_framework",
					UIKit,
					"-weak_framework",
					AVFoundation,
					"-weak_framework",
					CoreMedia,
					"-weak-lSystem",
					"-ObjC",
				);
				PRODUCT_NAME = "VideoList";
				TARGETED_DEVICE_FAMILY = "1,2";
				LIBRARY_SEARCH_PATHS = (
					"$(inherited)",
					"\"$(SRCROOT)/VideoList/Plugins/com.google.admobsdk\"",
				);
			};
			name = Release;
		};
		C01FCF4F08A954540054247B /* Debug */ = {
			isa = XCBuildConfiguration;
			buildSettings = {
				CLANG_ENABLE_OBJC_ARC = YES;
				CLANG_WARN_BOOL_CONVERSION = YES;
				CLANG_WARN_CONSTANT_CONVERSION = YES;
				CLANG_WARN_EMPTY_BODY = YES;
				CLANG_WARN_ENUM_CONVERSION = YES;
				CLANG_WARN_INT_CONVERSION = YES;
				CLANG_WARN__DUPLICATE_METHOD_MATCH = YES;
				"CODE_SIGN_IDENTITY[sdk=iphoneos*]" = "iPhone Developer";
				GCC_C_LANGUAGE_STANDARD = c99;
				GCC_THUMB_SUPPORT = NO;
				GCC_VERSION = "";
				GCC_WARN_ABOUT_RETURN_TYPE = YES;
				GCC_WARN_UNDECLARED_SELECTOR = YES;
				GCC_WARN_UNINITIALIZED_AUTOS = YES;
				GCC_WARN_UNUSED_FUNCTION = YES;
				GCC_WARN_UNUSED_VARIABLE = YES;
				HEADER_SEARCH_PATHS = (
					"\"$(TARGET_BUILD_DIR)/usr/local/lib/include\"",
					"\"$(OBJROOT)/UninstalledProducts/include\"",
					"\"$(BUILT_PRODUCTS_DIR)\"",
				);
				IPHONEOS_DEPLOYMENT_TARGET = 6.0;
				ONLY_ACTIVE_ARCH = YES;
				OTHER_LDFLAGS = (
					"-weak_framework",
					CoreFoundation,
					"-weak_framework",
					UIKit,
					"-weak_framework",
					AVFoundation,
					"-weak_framework",
					CoreMedia,
					"-weak-lSystem",
					"-ObjC",
				);
				SDKROOT = iphoneos;
				SKIP_INSTALL = NO;
				USER_HEADER_SEARCH_PATHS = "";
			};
			name = Debug;
		};
		C01FCF5008A954540054247B /* Release */ = {
			isa = XCBuildConfiguration;
			buildSettings = {
				CLANG_ENABLE_OBJC_ARC = YES;
				CLANG_WARN_BOOL_CONVERSION = YES;
				CLANG_WARN_CONSTANT_CONVERSION = YES;
				CLANG_WARN_EMPTY_BODY = YES;
				CLANG_WARN_ENUM_CONVERSION = YES;
				CLANG_WARN_INT_CONVERSION = YES;
				CLANG_WARN__DUPLICATE_METHOD_MATCH = YES;
				"CODE_SIGN_IDENTITY[sdk=iphoneos*]" = "iPhone Developer";
				GCC_C_LANGUAGE_STANDARD = c99;
				GCC_THUMB_SUPPORT = NO;
				GCC_VERSION = "";
				GCC_WARN_ABOUT_RETURN_TYPE = YES;
				GCC_WARN_UNDECLARED_SELECTOR = YES;
				GCC_WARN_UNINITIALIZED_AUTOS = YES;
				GCC_WARN_UNUSED_FUNCTION = YES;
				GCC_WARN_UNUSED_VARIABLE = YES;
				HEADER_SEARCH_PATHS = (
					"\"$(TARGET_BUILD_DIR)/usr/local/lib/include\"",
					"\"$(OBJROOT)/UninstalledProducts/include\"",
					"\"$(BUILT_PRODUCTS_DIR)\"",
				);
				IPHONEOS_DEPLOYMENT_TARGET = 6.0;
				OTHER_LDFLAGS = (
					"-weak_framework",
					CoreFoundation,
					"-weak_framework",
					UIKit,
					"-weak_framework",
					AVFoundation,
					"-weak_framework",
					CoreMedia,
					"-weak-lSystem",
					"-ObjC",
				);
				SDKROOT = iphoneos;
				SKIP_INSTALL = NO;
				USER_HEADER_SEARCH_PATHS = "";
			};
			name = Release;
		};
/* End XCBuildConfiguration section */

/* Begin XCConfigurationList section */
		1D6058960D05DD3E006BFB54 /* Build configuration list for PBXNativeTarget "VideoList" */ = {
			isa = XCConfigurationList;
			buildConfigurations = (
				1D6058940D05DD3E006BFB54 /* Debug */,
				1D6058950D05DD3E006BFB54 /* Release */,
			);
			defaultConfigurationIsVisible = 0;
			defaultConfigurationName = Release;
		};
		C01FCF4E08A954540054247B /* Build configuration list for PBXProject "__CLI__" */ = {
			isa = XCConfigurationList;
			buildConfigurations = (
				C01FCF4F08A954540054247B /* Debug */,
				C01FCF5008A954540054247B /* Release */,
			);
			defaultConfigurationIsVisible = 0;
			defaultConfigurationName = Release;
		};
/* End XCConfigurationList section */
	};
	rootObject = 29B97313FDCFA39411CA2CEA /* Project object */;
}
